// !$*UTF8*$!
{
	archiveVersion = 1;
	classes = {
	};
	objectVersion = 50;
	objects = {

/* Begin PBXBuildFile section */
		09017987268A9CBD008EA26D /* 11021.swift in Sources */ = {isa = PBXBuildFile; fileRef = 09017986268A9CBD008EA26D /* 11021.swift */; };
		0908559F26D6566100E6EF08 /* 1978.swift in Sources */ = {isa = PBXBuildFile; fileRef = 0908559E26D6566100E6EF08 /* 1978.swift */; };
		090855A826E0ACD500E6EF08 /* 2581.swift in Sources */ = {isa = PBXBuildFile; fileRef = 090855A726E0ACD500E6EF08 /* 2581.swift */; };
		090FDB1E26AEA6AB00347205 /* 2675.swift in Sources */ = {isa = PBXBuildFile; fileRef = 090FDB1D26AEA6AB00347205 /* 2675.swift */; };
		0913FACA26BB90950012BFA2 /* 1712.swift in Sources */ = {isa = PBXBuildFile; fileRef = 0913FAC926BB90950012BFA2 /* 1712.swift */; };
		091E048B2692DD8C00291AE3 /* 10952.swift in Sources */ = {isa = PBXBuildFile; fileRef = 091E048A2692DD8C00291AE3 /* 10952.swift */; };
		092A26362697FAF100153367 /* 2562.swift in Sources */ = {isa = PBXBuildFile; fileRef = 092A26352697FAF100153367 /* 2562.swift */; };
		092F9815269ED29D001D9001 /* 8958.swift in Sources */ = {isa = PBXBuildFile; fileRef = 092F9814269ED29D001D9001 /* 8958.swift */; };
		0941BEA92683FA8E00942362 /* 2739.swift in Sources */ = {isa = PBXBuildFile; fileRef = 0941BEA82683FA8E00942362 /* 2739.swift */; };
		0945AD04269DABE200E99E85 /* 1546.swift in Sources */ = {isa = PBXBuildFile; fileRef = 0945AD03269DABE200E99E85 /* 1546.swift */; };
		0945B17B268D966F007CBF70 /* 2438.swift in Sources */ = {isa = PBXBuildFile; fileRef = 0945B17A268D966F007CBF70 /* 2438.swift */; };
		0945B181268E256C007CBF70 /* 2439.swift in Sources */ = {isa = PBXBuildFile; fileRef = 0945B180268E256C007CBF70 /* 2439.swift */; };
		0945B184269029D1007CBF70 /* 10871.swift in Sources */ = {isa = PBXBuildFile; fileRef = 0945B183269029D1007CBF70 /* 10871.swift */; };
		094C6589269FE9740032E2FF /* 4344.swift in Sources */ = {isa = PBXBuildFile; fileRef = 094C6588269FE9740032E2FF /* 4344.swift */; };
		094C659126A2F2800032E2FF /* 4673.swift in Sources */ = {isa = PBXBuildFile; fileRef = 094C659026A2F2800032E2FF /* 4673.swift */; };
		095B9E3826B297760006DF59 /* 1152.swift in Sources */ = {isa = PBXBuildFile; fileRef = 095B9E3726B297760006DF59 /* 1152.swift */; };
		095B9E3B26B299620006DF59 /* 2908.swift in Sources */ = {isa = PBXBuildFile; fileRef = 095B9E3A26B299620006DF59 /* 2908.swift */; };
		09655F45266DCF2D00A9CA76 /* main.swift in Sources */ = {isa = PBXBuildFile; fileRef = 09655F44266DCF2D00A9CA76 /* main.swift */; };
		09655F53266DE1D500A9CA76 /* 1000.swift in Sources */ = {isa = PBXBuildFile; fileRef = 09655F52266DE1D500A9CA76 /* 1000.swift */; };
		09655F57266DF5B600A9CA76 /* 2557.swift in Sources */ = {isa = PBXBuildFile; fileRef = 09655F56266DF5B600A9CA76 /* 2557.swift */; };
		09655F5A266DF5E900A9CA76 /* 10718.swift in Sources */ = {isa = PBXBuildFile; fileRef = 09655F59266DF5E900A9CA76 /* 10718.swift */; };
		09655F5E266DF61B00A9CA76 /* 10171.swift in Sources */ = {isa = PBXBuildFile; fileRef = 09655F5D266DF61B00A9CA76 /* 10171.swift */; };
		09655F61266DF62700A9CA76 /* 10172.swift in Sources */ = {isa = PBXBuildFile; fileRef = 09655F60266DF62700A9CA76 /* 10172.swift */; };
		096718CD26B912DF00DBD491 /* 1316.swift in Sources */ = {isa = PBXBuildFile; fileRef = 096718CC26B912DF00DBD491 /* 1316.swift */; };
		096890E726936042007F835C /* 10951.swift in Sources */ = {isa = PBXBuildFile; fileRef = 096890E626936042007F835C /* 10951.swift */; };
		096A1F7B268C0FB200BD29D6 /* 11022.swift in Sources */ = {isa = PBXBuildFile; fileRef = 096A1F7A268C0FB200BD29D6 /* 11022.swift */; };
		0970C66B2678DF7800022187 /* 10430.swift in Sources */ = {isa = PBXBuildFile; fileRef = 0970C66A2678DF7800022187 /* 10430.swift */; };
		098068BA26A70C8400D8AB1B /* 11654.swift in Sources */ = {isa = PBXBuildFile; fileRef = 098068B926A70C8400D8AB1B /* 11654.swift */; };
		09867218268999BD0003CCA0 /* 2742.swift in Sources */ = {isa = PBXBuildFile; fileRef = 09867217268999BD0003CCA0 /* 2742.swift */; };
		0986ADB926762762001A6EE2 /* 10869.swift in Sources */ = {isa = PBXBuildFile; fileRef = 0986ADB826762762001A6EE2 /* 10869.swift */; };
		0988D73C2680B7F500FA59EA /* 2753.swift in Sources */ = {isa = PBXBuildFile; fileRef = 0988D73B2680B7F500FA59EA /* 2753.swift */; };
		098C819526875FF6008E7E1D /* 8393.swift in Sources */ = {isa = PBXBuildFile; fileRef = 098C819426875FF6008E7E1D /* 8393.swift */; };
		098C819D2687D084008E7E1D /* 2741.swift in Sources */ = {isa = PBXBuildFile; fileRef = 098C819C2687D084008E7E1D /* 2741.swift */; };
		098DB540267F219900F5F071 /* 9498.swift in Sources */ = {isa = PBXBuildFile; fileRef = 098DB53F267F219900F5F071 /* 9498.swift */; };
		098E7377267A423200966A04 /* 2588.swift in Sources */ = {isa = PBXBuildFile; fileRef = 098E7376267A423200966A04 /* 2588.swift */; };
		0999481826734168005CEB35 /* 1008.swift in Sources */ = {isa = PBXBuildFile; fileRef = 0999481726734168005CEB35 /* 1008.swift */; };
		099C792E26A5553600F1AAF3 /* 1065.swift in Sources */ = {isa = PBXBuildFile; fileRef = 099C792D26A5553600F1AAF3 /* 1065.swift */; };
		099CA8ED267CC4A5006DE887 /* 1330.swift in Sources */ = {isa = PBXBuildFile; fileRef = 099CA8EC267CC4A5006DE887 /* 1330.swift */; };
		09A587D026BD006400C60F03 /* 2292.swift in Sources */ = {isa = PBXBuildFile; fileRef = 09A587CF26BD006400C60F03 /* 2292.swift */; };
		09B0053626C6B17D0013BCD7 /* 10757.swift in Sources */ = {isa = PBXBuildFile; fileRef = 09B0053526C6B17D0013BCD7 /* 10757.swift */; };
		09B0053926CAA0AB0013BCD7 /* 1011.swift in Sources */ = {isa = PBXBuildFile; fileRef = 09B0053826CAA0AB0013BCD7 /* 1011.swift */; };
		09B78E30269BED2B00D8B645 /* 3052.swift in Sources */ = {isa = PBXBuildFile; fileRef = 09B78E2F269BED2B00D8B645 /* 3052.swift */; };
		09C5524E2681580200A4E88D /* 14681.swift in Sources */ = {isa = PBXBuildFile; fileRef = 09C5524D2681580200A4E88D /* 14681.swift */; };
		09C5535C26AAA8BA00F94FDC /* 10809.swift in Sources */ = {isa = PBXBuildFile; fileRef = 09C5535B26AAA8BA00F94FDC /* 10809.swift */; };
		09C839552682FB980044ED78 /* 2884.swift in Sources */ = {isa = PBXBuildFile; fileRef = 09C839542682FB980044ED78 /* 2884.swift */; };
		09C8E47526953EBE00926E06 /* 1110.swift in Sources */ = {isa = PBXBuildFile; fileRef = 09C8E47426953EBE00926E06 /* 1110.swift */; };
		09C8E47926969BF000926E06 /* 10818.swift in Sources */ = {isa = PBXBuildFile; fileRef = 09C8E47826969BF000926E06 /* 10818.swift */; };
		09CF2C7926857FDB007A4997 /* 10950.swift in Sources */ = {isa = PBXBuildFile; fileRef = 09CF2C7826857FDB007A4997 /* 10950.swift */; };
		09D278FC2699853800FC0DD9 /* 2577.swift in Sources */ = {isa = PBXBuildFile; fileRef = 09D278FB2699853800FC0DD9 /* 2577.swift */; };
		09D5072826BE739D0088B926 /* 1193.swift in Sources */ = {isa = PBXBuildFile; fileRef = 09D5072726BE739D0088B926 /* 1193.swift */; };
		09D5072B26C0F3AC0088B926 /* 2869.swift in Sources */ = {isa = PBXBuildFile; fileRef = 09D5072A26C0F3AC0088B926 /* 2869.swift */; };
		09D5072E26C23C930088B926 /* 10250.swift in Sources */ = {isa = PBXBuildFile; fileRef = 09D5072D26C23C930088B926 /* 10250.swift */; };
		09D5073126C37FA00088B926 /* 2775.swift in Sources */ = {isa = PBXBuildFile; fileRef = 09D5073026C37FA00088B926 /* 2775.swift */; };
		09D5073426C4D2420088B926 /* 2839.swift in Sources */ = {isa = PBXBuildFile; fileRef = 09D5073326C4D2420088B926 /* 2839.swift */; };
		09DE27F826B7B9FD006CD442 /* 2941.swift in Sources */ = {isa = PBXBuildFile; fileRef = 09DE27F726B7B9FD006CD442 /* 2941.swift */; };
		09E1441226B139C2009D5839 /* 1157.swift in Sources */ = {isa = PBXBuildFile; fileRef = 09E1441126B139C2009D5839 /* 1157.swift */; };
		09EFB34626A8E0D500F020D3 /* 11720.swift in Sources */ = {isa = PBXBuildFile; fileRef = 09EFB34526A8E0D500F020D3 /* 11720.swift */; };
		09F8BA84267108EC00280B6C /* 1001.swift in Sources */ = {isa = PBXBuildFile; fileRef = 09F8BA83267108EC00280B6C /* 1001.swift */; };
		09F8BA872672598500280B6C /* 10998.swift in Sources */ = {isa = PBXBuildFile; fileRef = 09F8BA862672598500280B6C /* 10998.swift */; };
		09FA0A0426B532DD0091BA81 /* 5622.swift in Sources */ = {isa = PBXBuildFile; fileRef = 09FA0A0326B532DD0091BA81 /* 5622.swift */; };
/* End PBXBuildFile section */

/* Begin PBXCopyFilesBuildPhase section */
		09655F3F266DCF2D00A9CA76 /* CopyFiles */ = {
			isa = PBXCopyFilesBuildPhase;
			buildActionMask = 2147483647;
			dstPath = /usr/share/man/man1/;
			dstSubfolderSpec = 0;
			files = (
			);
			runOnlyForDeploymentPostprocessing = 1;
		};
/* End PBXCopyFilesBuildPhase section */

/* Begin PBXFileReference section */
		09017986268A9CBD008EA26D /* 11021.swift */ = {isa = PBXFileReference; lastKnownFileType = sourcecode.swift; path = 11021.swift; sourceTree = "<group>"; };
		0908559E26D6566100E6EF08 /* 1978.swift */ = {isa = PBXFileReference; lastKnownFileType = sourcecode.swift; path = 1978.swift; sourceTree = "<group>"; };
		090855A726E0ACD500E6EF08 /* 2581.swift */ = {isa = PBXFileReference; lastKnownFileType = sourcecode.swift; path = 2581.swift; sourceTree = "<group>"; };
		090FDB1D26AEA6AB00347205 /* 2675.swift */ = {isa = PBXFileReference; lastKnownFileType = sourcecode.swift; path = 2675.swift; sourceTree = "<group>"; };
		0913FAC926BB90950012BFA2 /* 1712.swift */ = {isa = PBXFileReference; lastKnownFileType = sourcecode.swift; path = 1712.swift; sourceTree = "<group>"; };
		091E048A2692DD8C00291AE3 /* 10952.swift */ = {isa = PBXFileReference; lastKnownFileType = sourcecode.swift; path = 10952.swift; sourceTree = "<group>"; };
		092A26352697FAF100153367 /* 2562.swift */ = {isa = PBXFileReference; lastKnownFileType = sourcecode.swift; path = 2562.swift; sourceTree = "<group>"; };
		092F9814269ED29D001D9001 /* 8958.swift */ = {isa = PBXFileReference; lastKnownFileType = sourcecode.swift; path = 8958.swift; sourceTree = "<group>"; };
		0941BEA82683FA8E00942362 /* 2739.swift */ = {isa = PBXFileReference; lastKnownFileType = sourcecode.swift; path = 2739.swift; sourceTree = "<group>"; };
		0945AD03269DABE200E99E85 /* 1546.swift */ = {isa = PBXFileReference; lastKnownFileType = sourcecode.swift; path = 1546.swift; sourceTree = "<group>"; };
		0945B17A268D966F007CBF70 /* 2438.swift */ = {isa = PBXFileReference; lastKnownFileType = sourcecode.swift; path = 2438.swift; sourceTree = "<group>"; };
		0945B180268E256C007CBF70 /* 2439.swift */ = {isa = PBXFileReference; lastKnownFileType = sourcecode.swift; path = 2439.swift; sourceTree = "<group>"; };
		0945B183269029D1007CBF70 /* 10871.swift */ = {isa = PBXFileReference; lastKnownFileType = sourcecode.swift; path = 10871.swift; sourceTree = "<group>"; };
		094C6588269FE9740032E2FF /* 4344.swift */ = {isa = PBXFileReference; lastKnownFileType = sourcecode.swift; path = 4344.swift; sourceTree = "<group>"; };
		094C659026A2F2800032E2FF /* 4673.swift */ = {isa = PBXFileReference; lastKnownFileType = sourcecode.swift; path = 4673.swift; sourceTree = "<group>"; };
		095B9E3726B297760006DF59 /* 1152.swift */ = {isa = PBXFileReference; lastKnownFileType = sourcecode.swift; path = 1152.swift; sourceTree = "<group>"; };
		095B9E3A26B299620006DF59 /* 2908.swift */ = {isa = PBXFileReference; lastKnownFileType = sourcecode.swift; path = 2908.swift; sourceTree = "<group>"; };
		09655F41266DCF2D00A9CA76 /* BaekJoon Online Judge */ = {isa = PBXFileReference; explicitFileType = "compiled.mach-o.executable"; includeInIndex = 0; path = "BaekJoon Online Judge"; sourceTree = BUILT_PRODUCTS_DIR; };
		09655F44266DCF2D00A9CA76 /* main.swift */ = {isa = PBXFileReference; lastKnownFileType = sourcecode.swift; path = main.swift; sourceTree = "<group>"; };
		09655F52266DE1D500A9CA76 /* 1000.swift */ = {isa = PBXFileReference; lastKnownFileType = sourcecode.swift; path = 1000.swift; sourceTree = "<group>"; };
		09655F56266DF5B600A9CA76 /* 2557.swift */ = {isa = PBXFileReference; lastKnownFileType = sourcecode.swift; path = 2557.swift; sourceTree = "<group>"; };
		09655F59266DF5E900A9CA76 /* 10718.swift */ = {isa = PBXFileReference; lastKnownFileType = sourcecode.swift; path = 10718.swift; sourceTree = "<group>"; };
		09655F5D266DF61B00A9CA76 /* 10171.swift */ = {isa = PBXFileReference; lastKnownFileType = sourcecode.swift; path = 10171.swift; sourceTree = "<group>"; };
		09655F60266DF62700A9CA76 /* 10172.swift */ = {isa = PBXFileReference; lastKnownFileType = sourcecode.swift; path = 10172.swift; sourceTree = "<group>"; };
		096718CC26B912DF00DBD491 /* 1316.swift */ = {isa = PBXFileReference; lastKnownFileType = sourcecode.swift; path = 1316.swift; sourceTree = "<group>"; };
		096890E626936042007F835C /* 10951.swift */ = {isa = PBXFileReference; lastKnownFileType = sourcecode.swift; path = 10951.swift; sourceTree = "<group>"; };
		096A1F7A268C0FB200BD29D6 /* 11022.swift */ = {isa = PBXFileReference; lastKnownFileType = sourcecode.swift; path = 11022.swift; sourceTree = "<group>"; };
		0970C66A2678DF7800022187 /* 10430.swift */ = {isa = PBXFileReference; lastKnownFileType = sourcecode.swift; path = 10430.swift; sourceTree = "<group>"; };
		098068B926A70C8400D8AB1B /* 11654.swift */ = {isa = PBXFileReference; lastKnownFileType = sourcecode.swift; path = 11654.swift; sourceTree = "<group>"; };
		09867217268999BD0003CCA0 /* 2742.swift */ = {isa = PBXFileReference; lastKnownFileType = sourcecode.swift; path = 2742.swift; sourceTree = "<group>"; };
		0986ADB826762762001A6EE2 /* 10869.swift */ = {isa = PBXFileReference; lastKnownFileType = sourcecode.swift; path = 10869.swift; sourceTree = "<group>"; };
		0988D73B2680B7F500FA59EA /* 2753.swift */ = {isa = PBXFileReference; lastKnownFileType = sourcecode.swift; path = 2753.swift; sourceTree = "<group>"; };
		098C819426875FF6008E7E1D /* 8393.swift */ = {isa = PBXFileReference; lastKnownFileType = sourcecode.swift; path = 8393.swift; sourceTree = "<group>"; };
		098C819C2687D084008E7E1D /* 2741.swift */ = {isa = PBXFileReference; lastKnownFileType = sourcecode.swift; path = 2741.swift; sourceTree = "<group>"; };
		098DB53F267F219900F5F071 /* 9498.swift */ = {isa = PBXFileReference; lastKnownFileType = sourcecode.swift; path = 9498.swift; sourceTree = "<group>"; };
		098E7376267A423200966A04 /* 2588.swift */ = {isa = PBXFileReference; lastKnownFileType = sourcecode.swift; path = 2588.swift; sourceTree = "<group>"; };
		0999481726734168005CEB35 /* 1008.swift */ = {isa = PBXFileReference; lastKnownFileType = sourcecode.swift; path = 1008.swift; sourceTree = "<group>"; };
		099C792D26A5553600F1AAF3 /* 1065.swift */ = {isa = PBXFileReference; lastKnownFileType = sourcecode.swift; path = 1065.swift; sourceTree = "<group>"; };
		099CA8EC267CC4A5006DE887 /* 1330.swift */ = {isa = PBXFileReference; lastKnownFileType = sourcecode.swift; path = 1330.swift; sourceTree = "<group>"; };
		09A587CF26BD006400C60F03 /* 2292.swift */ = {isa = PBXFileReference; lastKnownFileType = sourcecode.swift; path = 2292.swift; sourceTree = "<group>"; };
		09B0053526C6B17D0013BCD7 /* 10757.swift */ = {isa = PBXFileReference; lastKnownFileType = sourcecode.swift; path = 10757.swift; sourceTree = "<group>"; };
		09B0053826CAA0AB0013BCD7 /* 1011.swift */ = {isa = PBXFileReference; lastKnownFileType = sourcecode.swift; path = 1011.swift; sourceTree = "<group>"; };
		09B78E2F269BED2B00D8B645 /* 3052.swift */ = {isa = PBXFileReference; lastKnownFileType = sourcecode.swift; path = 3052.swift; sourceTree = "<group>"; };
		09C5524D2681580200A4E88D /* 14681.swift */ = {isa = PBXFileReference; lastKnownFileType = sourcecode.swift; path = 14681.swift; sourceTree = "<group>"; };
		09C5535B26AAA8BA00F94FDC /* 10809.swift */ = {isa = PBXFileReference; lastKnownFileType = sourcecode.swift; path = 10809.swift; sourceTree = "<group>"; };
		09C839542682FB980044ED78 /* 2884.swift */ = {isa = PBXFileReference; lastKnownFileType = sourcecode.swift; path = 2884.swift; sourceTree = "<group>"; };
		09C8E47426953EBE00926E06 /* 1110.swift */ = {isa = PBXFileReference; lastKnownFileType = sourcecode.swift; path = 1110.swift; sourceTree = "<group>"; };
		09C8E47826969BF000926E06 /* 10818.swift */ = {isa = PBXFileReference; lastKnownFileType = sourcecode.swift; path = 10818.swift; sourceTree = "<group>"; };
		09CF2C7826857FDB007A4997 /* 10950.swift */ = {isa = PBXFileReference; lastKnownFileType = sourcecode.swift; path = 10950.swift; sourceTree = "<group>"; };
		09D278FB2699853800FC0DD9 /* 2577.swift */ = {isa = PBXFileReference; lastKnownFileType = sourcecode.swift; path = 2577.swift; sourceTree = "<group>"; };
		09D5072726BE739D0088B926 /* 1193.swift */ = {isa = PBXFileReference; lastKnownFileType = sourcecode.swift; path = 1193.swift; sourceTree = "<group>"; };
		09D5072A26C0F3AC0088B926 /* 2869.swift */ = {isa = PBXFileReference; lastKnownFileType = sourcecode.swift; path = 2869.swift; sourceTree = "<group>"; };
		09D5072D26C23C930088B926 /* 10250.swift */ = {isa = PBXFileReference; lastKnownFileType = sourcecode.swift; path = 10250.swift; sourceTree = "<group>"; };
		09D5073026C37FA00088B926 /* 2775.swift */ = {isa = PBXFileReference; lastKnownFileType = sourcecode.swift; path = 2775.swift; sourceTree = "<group>"; };
		09D5073326C4D2420088B926 /* 2839.swift */ = {isa = PBXFileReference; lastKnownFileType = sourcecode.swift; path = 2839.swift; sourceTree = "<group>"; };
		09DE27F726B7B9FD006CD442 /* 2941.swift */ = {isa = PBXFileReference; lastKnownFileType = sourcecode.swift; path = 2941.swift; sourceTree = "<group>"; };
		09E1441126B139C2009D5839 /* 1157.swift */ = {isa = PBXFileReference; lastKnownFileType = sourcecode.swift; path = 1157.swift; sourceTree = "<group>"; };
		09EFB34526A8E0D500F020D3 /* 11720.swift */ = {isa = PBXFileReference; lastKnownFileType = sourcecode.swift; path = 11720.swift; sourceTree = "<group>"; };
		09F8BA83267108EC00280B6C /* 1001.swift */ = {isa = PBXFileReference; fileEncoding = 4; lastKnownFileType = sourcecode.swift; path = 1001.swift; sourceTree = "<group>"; };
		09F8BA862672598500280B6C /* 10998.swift */ = {isa = PBXFileReference; lastKnownFileType = sourcecode.swift; path = 10998.swift; sourceTree = "<group>"; };
		09FA0A0326B532DD0091BA81 /* 5622.swift */ = {isa = PBXFileReference; lastKnownFileType = sourcecode.swift; path = 5622.swift; sourceTree = "<group>"; };
/* End PBXFileReference section */

/* Begin PBXFrameworksBuildPhase section */
		09655F3E266DCF2D00A9CA76 /* Frameworks */ = {
			isa = PBXFrameworksBuildPhase;
			buildActionMask = 2147483647;
			files = (
			);
			runOnlyForDeploymentPostprocessing = 0;
		};
/* End PBXFrameworksBuildPhase section */

/* Begin PBXGroup section */
		090B661926D5114500D00096 /* 09. Math 2 - Prime and Geometric */ = {
			isa = PBXGroup;
			children = (
				0908559E26D6566100E6EF08 /* 1978.swift */,
				090855A726E0ACD500E6EF08 /* 2581.swift */,
			);
			path = "09. Math 2 - Prime and Geometric";
			sourceTree = "<group>";
		};
		0913FACC26BBA5000012BFA2 /* 08. Math 1 - Mathematical Thinking */ = {
			isa = PBXGroup;
			children = (
				0913FAC926BB90950012BFA2 /* 1712.swift */,
				09A587CF26BD006400C60F03 /* 2292.swift */,
				09D5072726BE739D0088B926 /* 1193.swift */,
				09D5072A26C0F3AC0088B926 /* 2869.swift */,
				09D5072D26C23C930088B926 /* 10250.swift */,
				09D5073026C37FA00088B926 /* 2775.swift */,
				09D5073326C4D2420088B926 /* 2839.swift */,
				09B0053526C6B17D0013BCD7 /* 10757.swift */,
				09B0053826CAA0AB0013BCD7 /* 1011.swift */,
			);
			path = "08. Math 1 - Mathematical Thinking";
			sourceTree = "<group>";
		};
		091E04892692DD6F00291AE3 /* 04. While Statement */ = {
			isa = PBXGroup;
			children = (
				091E048A2692DD8C00291AE3 /* 10952.swift */,
				096890E626936042007F835C /* 10951.swift */,
				09C8E47426953EBE00926E06 /* 1110.swift */,
			);
			path = "04. While Statement";
			sourceTree = "<group>";
		};
		0941BEA72683FA7000942362 /* 03. For Statement */ = {
			isa = PBXGroup;
			children = (
				0941BEA82683FA8E00942362 /* 2739.swift */,
				09CF2C7826857FDB007A4997 /* 10950.swift */,
				098C819426875FF6008E7E1D /* 8393.swift */,
				098C819C2687D084008E7E1D /* 2741.swift */,
				09867217268999BD0003CCA0 /* 2742.swift */,
				09017986268A9CBD008EA26D /* 11021.swift */,
				096A1F7A268C0FB200BD29D6 /* 11022.swift */,
				0945B17A268D966F007CBF70 /* 2438.swift */,
				0945B180268E256C007CBF70 /* 2439.swift */,
				0945B183269029D1007CBF70 /* 10871.swift */,
			);
			path = "03. For Statement";
			sourceTree = "<group>";
		};
		094C658B26A2ECB40032E2FF /* 06. Function */ = {
			isa = PBXGroup;
			children = (
				094C659026A2F2800032E2FF /* 4673.swift */,
				099C792D26A5553600F1AAF3 /* 1065.swift */,
			);
			path = "06. Function";
			sourceTree = "<group>";
		};
		09655F38266DCF2D00A9CA76 = {
			isa = PBXGroup;
			children = (
				09655F43266DCF2D00A9CA76 /* BaekJoon Online Judge */,
				09655F42266DCF2D00A9CA76 /* Products */,
			);
			sourceTree = "<group>";
		};
		09655F42266DCF2D00A9CA76 /* Products */ = {
			isa = PBXGroup;
			children = (
				09655F41266DCF2D00A9CA76 /* BaekJoon Online Judge */,
			);
			name = Products;
			sourceTree = "<group>";
		};
		09655F43266DCF2D00A9CA76 /* BaekJoon Online Judge */ = {
			isa = PBXGroup;
			children = (
				09655F51266DE1B700A9CA76 /* 01. Input-Output and Arithmetic */,
				099CA8EB267CC485006DE887 /* 02. If Statement */,
				0941BEA72683FA7000942362 /* 03. For Statement */,
				091E04892692DD6F00291AE3 /* 04. While Statement */,
				09C8E47726969BCC00926E06 /* 05. 1 Dimensional Array */,
				094C658B26A2ECB40032E2FF /* 06. Function */,
				098068B826A70BA600D8AB1B /* 07. Strings */,
				0913FACC26BBA5000012BFA2 /* 08. Math 1 - Mathematical Thinking */,
				090B661926D5114500D00096 /* 09. Math 2 - Prime and Geometric */,
				09655F44266DCF2D00A9CA76 /* main.swift */,
			);
			path = "BaekJoon Online Judge";
			sourceTree = "<group>";
		};
		09655F51266DE1B700A9CA76 /* 01. Input-Output and Arithmetic */ = {
			isa = PBXGroup;
			children = (
				09655F56266DF5B600A9CA76 /* 2557.swift */,
				09655F59266DF5E900A9CA76 /* 10718.swift */,
				09655F5D266DF61B00A9CA76 /* 10171.swift */,
				09655F60266DF62700A9CA76 /* 10172.swift */,
				09655F52266DE1D500A9CA76 /* 1000.swift */,
				09F8BA83267108EC00280B6C /* 1001.swift */,
				09F8BA862672598500280B6C /* 10998.swift */,
				0999481726734168005CEB35 /* 1008.swift */,
				0986ADB826762762001A6EE2 /* 10869.swift */,
				0970C66A2678DF7800022187 /* 10430.swift */,
				098E7376267A423200966A04 /* 2588.swift */,
			);
			path = "01. Input-Output and Arithmetic";
			sourceTree = "<group>";
		};
		098068B826A70BA600D8AB1B /* 07. Strings */ = {
			isa = PBXGroup;
			children = (
				098068B926A70C8400D8AB1B /* 11654.swift */,
				09EFB34526A8E0D500F020D3 /* 11720.swift */,
				09C5535B26AAA8BA00F94FDC /* 10809.swift */,
				090FDB1D26AEA6AB00347205 /* 2675.swift */,
				09E1441126B139C2009D5839 /* 1157.swift */,
				095B9E3726B297760006DF59 /* 1152.swift */,
				095B9E3A26B299620006DF59 /* 2908.swift */,
				09FA0A0326B532DD0091BA81 /* 5622.swift */,
				09DE27F726B7B9FD006CD442 /* 2941.swift */,
				096718CC26B912DF00DBD491 /* 1316.swift */,
			);
			path = "07. Strings";
			sourceTree = "<group>";
		};
		099CA8EB267CC485006DE887 /* 02. If Statement */ = {
			isa = PBXGroup;
			children = (
				099CA8EC267CC4A5006DE887 /* 1330.swift */,
				098DB53F267F219900F5F071 /* 9498.swift */,
				0988D73B2680B7F500FA59EA /* 2753.swift */,
				09C5524D2681580200A4E88D /* 14681.swift */,
				09C839542682FB980044ED78 /* 2884.swift */,
			);
			path = "02. If Statement";
			sourceTree = "<group>";
		};
		09C8E47726969BCC00926E06 /* 05. 1 Dimensional Array */ = {
			isa = PBXGroup;
			children = (
				09C8E47826969BF000926E06 /* 10818.swift */,
				092A26352697FAF100153367 /* 2562.swift */,
				09D278FB2699853800FC0DD9 /* 2577.swift */,
				09B78E2F269BED2B00D8B645 /* 3052.swift */,
				0945AD03269DABE200E99E85 /* 1546.swift */,
				092F9814269ED29D001D9001 /* 8958.swift */,
				094C6588269FE9740032E2FF /* 4344.swift */,
			);
			path = "05. 1 Dimensional Array";
			sourceTree = "<group>";
		};
/* End PBXGroup section */

/* Begin PBXNativeTarget section */
		09655F40266DCF2D00A9CA76 /* BaekJoon Online Judge */ = {
			isa = PBXNativeTarget;
			buildConfigurationList = 09655F48266DCF2D00A9CA76 /* Build configuration list for PBXNativeTarget "BaekJoon Online Judge" */;
			buildPhases = (
				09655F3D266DCF2D00A9CA76 /* Sources */,
				09655F3E266DCF2D00A9CA76 /* Frameworks */,
				09655F3F266DCF2D00A9CA76 /* CopyFiles */,
			);
			buildRules = (
			);
			dependencies = (
			);
			name = "BaekJoon Online Judge";
			productName = "BaekJoon Online Judge";
			productReference = 09655F41266DCF2D00A9CA76 /* BaekJoon Online Judge */;
			productType = "com.apple.product-type.tool";
		};
/* End PBXNativeTarget section */

/* Begin PBXProject section */
		09655F39266DCF2D00A9CA76 /* Project object */ = {
			isa = PBXProject;
			attributes = {
				LastSwiftUpdateCheck = 1240;
				LastUpgradeCheck = 1240;
				TargetAttributes = {
					09655F40266DCF2D00A9CA76 = {
						CreatedOnToolsVersion = 12.4;
					};
				};
			};
			buildConfigurationList = 09655F3C266DCF2D00A9CA76 /* Build configuration list for PBXProject "BaekJoon Online Judge" */;
			compatibilityVersion = "Xcode 9.3";
			developmentRegion = en;
			hasScannedForEncodings = 0;
			knownRegions = (
				en,
				Base,
			);
			mainGroup = 09655F38266DCF2D00A9CA76;
			productRefGroup = 09655F42266DCF2D00A9CA76 /* Products */;
			projectDirPath = "";
			projectRoot = "";
			targets = (
				09655F40266DCF2D00A9CA76 /* BaekJoon Online Judge */,
			);
		};
/* End PBXProject section */

/* Begin PBXSourcesBuildPhase section */
		09655F3D266DCF2D00A9CA76 /* Sources */ = {
			isa = PBXSourcesBuildPhase;
			buildActionMask = 2147483647;
			files = (
				09FA0A0426B532DD0091BA81 /* 5622.swift in Sources */,
				09655F53266DE1D500A9CA76 /* 1000.swift in Sources */,
				094C659126A2F2800032E2FF /* 4673.swift in Sources */,
				094C6589269FE9740032E2FF /* 4344.swift in Sources */,
				09C839552682FB980044ED78 /* 2884.swift in Sources */,
				09A587D026BD006400C60F03 /* 2292.swift in Sources */,
				0908559F26D6566100E6EF08 /* 1978.swift in Sources */,
				09DE27F826B7B9FD006CD442 /* 2941.swift in Sources */,
				09EFB34626A8E0D500F020D3 /* 11720.swift in Sources */,
				09D5072E26C23C930088B926 /* 10250.swift in Sources */,
				09F8BA872672598500280B6C /* 10998.swift in Sources */,
				095B9E3826B297760006DF59 /* 1152.swift in Sources */,
				092F9815269ED29D001D9001 /* 8958.swift in Sources */,
				09B0053626C6B17D0013BCD7 /* 10757.swift in Sources */,
				099CA8ED267CC4A5006DE887 /* 1330.swift in Sources */,
				096A1F7B268C0FB200BD29D6 /* 11022.swift in Sources */,
				098C819D2687D084008E7E1D /* 2741.swift in Sources */,
				09C8E47526953EBE00926E06 /* 1110.swift in Sources */,
				098DB540267F219900F5F071 /* 9498.swift in Sources */,
				0945B17B268D966F007CBF70 /* 2438.swift in Sources */,
				0986ADB926762762001A6EE2 /* 10869.swift in Sources */,
				09655F61266DF62700A9CA76 /* 10172.swift in Sources */,
				095B9E3B26B299620006DF59 /* 2908.swift in Sources */,
				098E7377267A423200966A04 /* 2588.swift in Sources */,
				09C5535C26AAA8BA00F94FDC /* 10809.swift in Sources */,
				090855A826E0ACD500E6EF08 /* 2581.swift in Sources */,
				096890E726936042007F835C /* 10951.swift in Sources */,
				0941BEA92683FA8E00942362 /* 2739.swift in Sources */,
				09867218268999BD0003CCA0 /* 2742.swift in Sources */,
				0988D73C2680B7F500FA59EA /* 2753.swift in Sources */,
				090FDB1E26AEA6AB00347205 /* 2675.swift in Sources */,
				09017987268A9CBD008EA26D /* 11021.swift in Sources */,
				09F8BA84267108EC00280B6C /* 1001.swift in Sources */,
				0913FACA26BB90950012BFA2 /* 1712.swift in Sources */,
				0970C66B2678DF7800022187 /* 10430.swift in Sources */,
				0945B181268E256C007CBF70 /* 2439.swift in Sources */,
				092A26362697FAF100153367 /* 2562.swift in Sources */,
				09CF2C7926857FDB007A4997 /* 10950.swift in Sources */,
				09D5073426C4D2420088B926 /* 2839.swift in Sources */,
				099C792E26A5553600F1AAF3 /* 1065.swift in Sources */,
				09C5524E2681580200A4E88D /* 14681.swift in Sources */,
				09655F57266DF5B600A9CA76 /* 2557.swift in Sources */,
				0945B184269029D1007CBF70 /* 10871.swift in Sources */,
				09655F45266DCF2D00A9CA76 /* main.swift in Sources */,
				098C819526875FF6008E7E1D /* 8393.swift in Sources */,
				098068BA26A70C8400D8AB1B /* 11654.swift in Sources */,
				09655F5E266DF61B00A9CA76 /* 10171.swift in Sources */,
				09D278FC2699853800FC0DD9 /* 2577.swift in Sources */,
				09B78E30269BED2B00D8B645 /* 3052.swift in Sources */,
				0945AD04269DABE200E99E85 /* 1546.swift in Sources */,
				09E1441226B139C2009D5839 /* 1157.swift in Sources */,
				09D5073126C37FA00088B926 /* 2775.swift in Sources */,
				09B0053926CAA0AB0013BCD7 /* 1011.swift in Sources */,
				09D5072B26C0F3AC0088B926 /* 2869.swift in Sources */,
				09655F5A266DF5E900A9CA76 /* 10718.swift in Sources */,
				09D5072826BE739D0088B926 /* 1193.swift in Sources */,
				0999481826734168005CEB35 /* 1008.swift in Sources */,
				096718CD26B912DF00DBD491 /* 1316.swift in Sources */,
				091E048B2692DD8C00291AE3 /* 10952.swift in Sources */,
				09C8E47926969BF000926E06 /* 10818.swift in Sources */,
			);
			runOnlyForDeploymentPostprocessing = 0;
		};
/* End PBXSourcesBuildPhase section */

/* Begin XCBuildConfiguration section */
		09655F46266DCF2D00A9CA76 /* Debug */ = {
			isa = XCBuildConfiguration;
			buildSettings = {
				ALWAYS_SEARCH_USER_PATHS = NO;
				CLANG_ANALYZER_NONNULL = YES;
				CLANG_ANALYZER_NUMBER_OBJECT_CONVERSION = YES_AGGRESSIVE;
				CLANG_CXX_LANGUAGE_STANDARD = "gnu++14";
				CLANG_CXX_LIBRARY = "libc++";
				CLANG_ENABLE_MODULES = YES;
				CLANG_ENABLE_OBJC_ARC = YES;
				CLANG_ENABLE_OBJC_WEAK = YES;
				CLANG_WARN_BLOCK_CAPTURE_AUTORELEASING = YES;
				CLANG_WARN_BOOL_CONVERSION = YES;
				CLANG_WARN_COMMA = YES;
				CLANG_WARN_CONSTANT_CONVERSION = YES;
				CLANG_WARN_DEPRECATED_OBJC_IMPLEMENTATIONS = YES;
				CLANG_WARN_DIRECT_OBJC_ISA_USAGE = YES_ERROR;
				CLANG_WARN_DOCUMENTATION_COMMENTS = YES;
				CLANG_WARN_EMPTY_BODY = YES;
				CLANG_WARN_ENUM_CONVERSION = YES;
				CLANG_WARN_INFINITE_RECURSION = YES;
				CLANG_WARN_INT_CONVERSION = YES;
				CLANG_WARN_NON_LITERAL_NULL_CONVERSION = YES;
				CLANG_WARN_OBJC_IMPLICIT_RETAIN_SELF = YES;
				CLANG_WARN_OBJC_LITERAL_CONVERSION = YES;
				CLANG_WARN_OBJC_ROOT_CLASS = YES_ERROR;
				CLANG_WARN_QUOTED_INCLUDE_IN_FRAMEWORK_HEADER = YES;
				CLANG_WARN_RANGE_LOOP_ANALYSIS = YES;
				CLANG_WARN_STRICT_PROTOTYPES = YES;
				CLANG_WARN_SUSPICIOUS_MOVE = YES;
				CLANG_WARN_UNGUARDED_AVAILABILITY = YES_AGGRESSIVE;
				CLANG_WARN_UNREACHABLE_CODE = YES;
				CLANG_WARN__DUPLICATE_METHOD_MATCH = YES;
				COPY_PHASE_STRIP = NO;
				DEBUG_INFORMATION_FORMAT = dwarf;
				ENABLE_STRICT_OBJC_MSGSEND = YES;
				ENABLE_TESTABILITY = YES;
				GCC_C_LANGUAGE_STANDARD = gnu11;
				GCC_DYNAMIC_NO_PIC = NO;
				GCC_NO_COMMON_BLOCKS = YES;
				GCC_OPTIMIZATION_LEVEL = 0;
				GCC_PREPROCESSOR_DEFINITIONS = (
					"DEBUG=1",
					"$(inherited)",
				);
				GCC_WARN_64_TO_32_BIT_CONVERSION = YES;
				GCC_WARN_ABOUT_RETURN_TYPE = YES_ERROR;
				GCC_WARN_UNDECLARED_SELECTOR = YES;
				GCC_WARN_UNINITIALIZED_AUTOS = YES_AGGRESSIVE;
				GCC_WARN_UNUSED_FUNCTION = YES;
				GCC_WARN_UNUSED_VARIABLE = YES;
				MACOSX_DEPLOYMENT_TARGET = 10.15;
				MTL_ENABLE_DEBUG_INFO = INCLUDE_SOURCE;
				MTL_FAST_MATH = YES;
				ONLY_ACTIVE_ARCH = YES;
				SDKROOT = macosx;
				SWIFT_ACTIVE_COMPILATION_CONDITIONS = DEBUG;
				SWIFT_OPTIMIZATION_LEVEL = "-Onone";
			};
			name = Debug;
		};
		09655F47266DCF2D00A9CA76 /* Release */ = {
			isa = XCBuildConfiguration;
			buildSettings = {
				ALWAYS_SEARCH_USER_PATHS = NO;
				CLANG_ANALYZER_NONNULL = YES;
				CLANG_ANALYZER_NUMBER_OBJECT_CONVERSION = YES_AGGRESSIVE;
				CLANG_CXX_LANGUAGE_STANDARD = "gnu++14";
				CLANG_CXX_LIBRARY = "libc++";
				CLANG_ENABLE_MODULES = YES;
				CLANG_ENABLE_OBJC_ARC = YES;
				CLANG_ENABLE_OBJC_WEAK = YES;
				CLANG_WARN_BLOCK_CAPTURE_AUTORELEASING = YES;
				CLANG_WARN_BOOL_CONVERSION = YES;
				CLANG_WARN_COMMA = YES;
				CLANG_WARN_CONSTANT_CONVERSION = YES;
				CLANG_WARN_DEPRECATED_OBJC_IMPLEMENTATIONS = YES;
				CLANG_WARN_DIRECT_OBJC_ISA_USAGE = YES_ERROR;
				CLANG_WARN_DOCUMENTATION_COMMENTS = YES;
				CLANG_WARN_EMPTY_BODY = YES;
				CLANG_WARN_ENUM_CONVERSION = YES;
				CLANG_WARN_INFINITE_RECURSION = YES;
				CLANG_WARN_INT_CONVERSION = YES;
				CLANG_WARN_NON_LITERAL_NULL_CONVERSION = YES;
				CLANG_WARN_OBJC_IMPLICIT_RETAIN_SELF = YES;
				CLANG_WARN_OBJC_LITERAL_CONVERSION = YES;
				CLANG_WARN_OBJC_ROOT_CLASS = YES_ERROR;
				CLANG_WARN_QUOTED_INCLUDE_IN_FRAMEWORK_HEADER = YES;
				CLANG_WARN_RANGE_LOOP_ANALYSIS = YES;
				CLANG_WARN_STRICT_PROTOTYPES = YES;
				CLANG_WARN_SUSPICIOUS_MOVE = YES;
				CLANG_WARN_UNGUARDED_AVAILABILITY = YES_AGGRESSIVE;
				CLANG_WARN_UNREACHABLE_CODE = YES;
				CLANG_WARN__DUPLICATE_METHOD_MATCH = YES;
				COPY_PHASE_STRIP = NO;
				DEBUG_INFORMATION_FORMAT = "dwarf-with-dsym";
				ENABLE_NS_ASSERTIONS = NO;
				ENABLE_STRICT_OBJC_MSGSEND = YES;
				GCC_C_LANGUAGE_STANDARD = gnu11;
				GCC_NO_COMMON_BLOCKS = YES;
				GCC_WARN_64_TO_32_BIT_CONVERSION = YES;
				GCC_WARN_ABOUT_RETURN_TYPE = YES_ERROR;
				GCC_WARN_UNDECLARED_SELECTOR = YES;
				GCC_WARN_UNINITIALIZED_AUTOS = YES_AGGRESSIVE;
				GCC_WARN_UNUSED_FUNCTION = YES;
				GCC_WARN_UNUSED_VARIABLE = YES;
				MACOSX_DEPLOYMENT_TARGET = 10.15;
				MTL_ENABLE_DEBUG_INFO = NO;
				MTL_FAST_MATH = YES;
				SDKROOT = macosx;
				SWIFT_COMPILATION_MODE = wholemodule;
				SWIFT_OPTIMIZATION_LEVEL = "-O";
			};
			name = Release;
		};
		09655F49266DCF2D00A9CA76 /* Debug */ = {
			isa = XCBuildConfiguration;
			buildSettings = {
				CODE_SIGN_STYLE = Automatic;
				DEVELOPMENT_TEAM = YAHW75YBYW;
				ENABLE_HARDENED_RUNTIME = YES;
				PRODUCT_NAME = "$(TARGET_NAME)";
				SWIFT_VERSION = 5.0;
			};
			name = Debug;
		};
		09655F4A266DCF2D00A9CA76 /* Release */ = {
			isa = XCBuildConfiguration;
			buildSettings = {
				CODE_SIGN_STYLE = Automatic;
				DEVELOPMENT_TEAM = YAHW75YBYW;
				ENABLE_HARDENED_RUNTIME = YES;
				PRODUCT_NAME = "$(TARGET_NAME)";
				SWIFT_VERSION = 5.0;
			};
			name = Release;
		};
/* End XCBuildConfiguration section */

/* Begin XCConfigurationList section */
		09655F3C266DCF2D00A9CA76 /* Build configuration list for PBXProject "BaekJoon Online Judge" */ = {
			isa = XCConfigurationList;
			buildConfigurations = (
				09655F46266DCF2D00A9CA76 /* Debug */,
				09655F47266DCF2D00A9CA76 /* Release */,
			);
			defaultConfigurationIsVisible = 0;
			defaultConfigurationName = Release;
		};
		09655F48266DCF2D00A9CA76 /* Build configuration list for PBXNativeTarget "BaekJoon Online Judge" */ = {
			isa = XCConfigurationList;
			buildConfigurations = (
				09655F49266DCF2D00A9CA76 /* Debug */,
				09655F4A266DCF2D00A9CA76 /* Release */,
			);
			defaultConfigurationIsVisible = 0;
			defaultConfigurationName = Release;
		};
/* End XCConfigurationList section */
	};
	rootObject = 09655F39266DCF2D00A9CA76 /* Project object */;
}
